
Microsoft Visual Studio Solution File, Format Version 12.00
# Visual Studio Version 17
VisualStudioVersion = 17.9.34728.123
MinimumVisualStudioVersion = 10.0.40219.1
Project("{FAE04EC0-301F-11D3-BF4B-00C04F79EFBC}") = "MediatRAPI", "MediatRAPI\MediatRAPI.csproj", "{6C8FB854-A52D-4085-AD68-CC79675199F0}"
EndProject
Project("{FAE04EC0-301F-11D3-BF4B-00C04F79EFBC}") = "MediatRHandlers", "MediatRHandlers\MediatRHandlers.csproj", "{4D21778A-9D0F-4479-AA7E-343EB682C083}"
EndProject
Global
	GlobalSection(SolutionConfigurationPlatforms) = preSolution
		Debug|Any CPU = Debug|Any CPU
		Release|Any CPU = Release|Any CPU
	EndGlobalSection
	GlobalSection(ProjectConfigurationPlatforms) = postSolution
		{6C8FB854-A52D-4085-AD68-CC79675199F0}.Debug|Any CPU.ActiveCfg = Debug|Any CPU
		{6C8FB854-A52D-4085-AD68-CC79675199F0}.Debug|Any CPU.Build.0 = Debug|Any CPU
		{6C8FB854-A52D-4085-AD68-CC79675199F0}.Release|Any CPU.ActiveCfg = Release|Any CPU
		{6C8FB854-A52D-4085-AD68-CC79675199F0}.Release|Any CPU.Build.0 = Release|Any CPU
		{4D21778A-9D0F-4479-AA7E-343EB682C083}.Debug|Any CPU.ActiveCfg = Debug|Any CPU
		{4D21778A-9D0F-4479-AA7E-343EB682C083}.Debug|Any CPU.Build.0 = Debug|Any CPU
		{4D21778A-9D0F-4479-AA7E-343EB682C083}.Release|Any CPU.ActiveCfg = Release|Any CPU
		{4D21778A-9D0F-4479-AA7E-343EB682C083}.Release|Any CPU.Build.0 = Release|Any CPU
	EndGlobalSection
	GlobalSection(SolutionProperties) = preSolution
		HideSolutionNode = FALSE
	EndGlobalSection
	GlobalSection(ExtensibilityGlobals) = postSolution
		SolutionGuid = {73A45D04-11CE-4EFC-8D07-4802E248E606}
	EndGlobalSection
EndGlobal
